
Microsoft Visual Studio Solution File, Format Version 11.00
# Visual C# Express 2010
Project("{FAE04EC0-301F-11D3-BF4B-00C04F79EFBC}") = "Map.Viewer", "Map.Viewer\Map.Viewer.csproj", "{ACDD2737-4B37-4250-89BF-26A91A263A5E}"
EndProject
Project("{FAE04EC0-301F-11D3-BF4B-00C04F79EFBC}") = "Content", "Content\Content.contentproj", "{686759BB-D49A-4950-B4E5-55B0FA5FC5F7}"
EndProject
Project("{FAE04EC0-301F-11D3-BF4B-00C04F79EFBC}") = "Game.Main", "Game.Main\Game.Main.csproj", "{63317F1E-DD8E-4065-9B27-FC9D68517952}"
EndProject
Project("{FAE04EC0-301F-11D3-BF4B-00C04F79EFBC}") = "Game.Common", "Game.Common\Game.Common.csproj", "{AFFF2D6A-6699-4485-9686-DAAECC117CED}"
EndProject
Project("{FAE04EC0-301F-11D3-BF4B-00C04F79EFBC}") = "Game.Demos", "Game.Demos\Game.Demos.csproj", "{50DE5919-51C2-4C78-B3B9-54E0DDCB2266}"
EndProject
Global
	GlobalSection(SolutionConfigurationPlatforms) = preSolution
		Debug|Any CPU = Debug|Any CPU
		Debug|Mixed Platforms = Debug|Mixed Platforms
		Debug|x86 = Debug|x86
		Release|Any CPU = Release|Any CPU
		Release|Mixed Platforms = Release|Mixed Platforms
		Release|x86 = Release|x86
	EndGlobalSection
	GlobalSection(ProjectConfigurationPlatforms) = postSolution
		{ACDD2737-4B37-4250-89BF-26A91A263A5E}.Debug|Any CPU.ActiveCfg = Debug|x86
		{ACDD2737-4B37-4250-89BF-26A91A263A5E}.Debug|Mixed Platforms.ActiveCfg = Debug|x86
		{ACDD2737-4B37-4250-89BF-26A91A263A5E}.Debug|Mixed Platforms.Build.0 = Debug|x86
		{ACDD2737-4B37-4250-89BF-26A91A263A5E}.Debug|x86.ActiveCfg = Debug|x86
		{ACDD2737-4B37-4250-89BF-26A91A263A5E}.Debug|x86.Build.0 = Debug|x86
		{ACDD2737-4B37-4250-89BF-26A91A263A5E}.Release|Any CPU.ActiveCfg = Release|x86
		{ACDD2737-4B37-4250-89BF-26A91A263A5E}.Release|Mixed Platforms.ActiveCfg = Release|x86
		{ACDD2737-4B37-4250-89BF-26A91A263A5E}.Release|Mixed Platforms.Build.0 = Release|x86
		{ACDD2737-4B37-4250-89BF-26A91A263A5E}.Release|x86.ActiveCfg = Release|x86
		{ACDD2737-4B37-4250-89BF-26A91A263A5E}.Release|x86.Build.0 = Release|x86
		{686759BB-D49A-4950-B4E5-55B0FA5FC5F7}.Debug|Any CPU.ActiveCfg = Debug|x86
		{686759BB-D49A-4950-B4E5-55B0FA5FC5F7}.Debug|Mixed Platforms.ActiveCfg = Debug|x86
		{686759BB-D49A-4950-B4E5-55B0FA5FC5F7}.Debug|x86.ActiveCfg = Debug|x86
		{686759BB-D49A-4950-B4E5-55B0FA5FC5F7}.Release|Any CPU.ActiveCfg = Release|x86
		{686759BB-D49A-4950-B4E5-55B0FA5FC5F7}.Release|Mixed Platforms.ActiveCfg = Release|x86
		{686759BB-D49A-4950-B4E5-55B0FA5FC5F7}.Release|x86.ActiveCfg = Release|x86
		{63317F1E-DD8E-4065-9B27-FC9D68517952}.Debug|Any CPU.ActiveCfg = Debug|x86
		{63317F1E-DD8E-4065-9B27-FC9D68517952}.Debug|Mixed Platforms.ActiveCfg = Debug|x86
		{63317F1E-DD8E-4065-9B27-FC9D68517952}.Debug|Mixed Platforms.Build.0 = Debug|x86
		{63317F1E-DD8E-4065-9B27-FC9D68517952}.Debug|x86.ActiveCfg = Debug|x86
		{63317F1E-DD8E-4065-9B27-FC9D68517952}.Debug|x86.Build.0 = Debug|x86
		{63317F1E-DD8E-4065-9B27-FC9D68517952}.Release|Any CPU.ActiveCfg = Release|x86
		{63317F1E-DD8E-4065-9B27-FC9D68517952}.Release|Mixed Platforms.ActiveCfg = Release|x86
		{63317F1E-DD8E-4065-9B27-FC9D68517952}.Release|Mixed Platforms.Build.0 = Release|x86
		{63317F1E-DD8E-4065-9B27-FC9D68517952}.Release|x86.ActiveCfg = Release|x86
		{63317F1E-DD8E-4065-9B27-FC9D68517952}.Release|x86.Build.0 = Release|x86
		{AFFF2D6A-6699-4485-9686-DAAECC117CED}.Debug|Any CPU.ActiveCfg = Debug|x86
		{AFFF2D6A-6699-4485-9686-DAAECC117CED}.Debug|Mixed Platforms.ActiveCfg = Debug|x86
		{AFFF2D6A-6699-4485-9686-DAAECC117CED}.Debug|Mixed Platforms.Build.0 = Debug|x86
		{AFFF2D6A-6699-4485-9686-DAAECC117CED}.Debug|x86.ActiveCfg = Debug|x86
		{AFFF2D6A-6699-4485-9686-DAAECC117CED}.Debug|x86.Build.0 = Debug|x86
		{AFFF2D6A-6699-4485-9686-DAAECC117CED}.Release|Any CPU.ActiveCfg = Release|x86
		{AFFF2D6A-6699-4485-9686-DAAECC117CED}.Release|Mixed Platforms.ActiveCfg = Release|x86
		{AFFF2D6A-6699-4485-9686-DAAECC117CED}.Release|Mixed Platforms.Build.0 = Release|x86
		{AFFF2D6A-6699-4485-9686-DAAECC117CED}.Release|x86.ActiveCfg = Release|x86
		{AFFF2D6A-6699-4485-9686-DAAECC117CED}.Release|x86.Build.0 = Release|x86
		{50DE5919-51C2-4C78-B3B9-54E0DDCB2266}.Debug|Any CPU.ActiveCfg = Debug|x86
		{50DE5919-51C2-4C78-B3B9-54E0DDCB2266}.Debug|Mixed Platforms.ActiveCfg = Debug|x86
		{50DE5919-51C2-4C78-B3B9-54E0DDCB2266}.Debug|Mixed Platforms.Build.0 = Debug|x86
		{50DE5919-51C2-4C78-B3B9-54E0DDCB2266}.Debug|x86.ActiveCfg = Debug|x86
		{50DE5919-51C2-4C78-B3B9-54E0DDCB2266}.Debug|x86.Build.0 = Debug|x86
		{50DE5919-51C2-4C78-B3B9-54E0DDCB2266}.Release|Any CPU.ActiveCfg = Release|x86
		{50DE5919-51C2-4C78-B3B9-54E0DDCB2266}.Release|Mixed Platforms.ActiveCfg = Release|x86
		{50DE5919-51C2-4C78-B3B9-54E0DDCB2266}.Release|Mixed Platforms.Build.0 = Release|x86
		{50DE5919-51C2-4C78-B3B9-54E0DDCB2266}.Release|x86.ActiveCfg = Release|x86
		{50DE5919-51C2-4C78-B3B9-54E0DDCB2266}.Release|x86.Build.0 = Release|x86
	EndGlobalSection
	GlobalSection(SolutionProperties) = preSolution
		HideSolutionNode = FALSE
	EndGlobalSection
EndGlobal
